{
  "version": 4,
  "terraform_version": "1.0.11",
  "serial": 1,
  "lineage": "e8d33c27-11f4-590b-4e4a-21660da90344",
  "outputs": {},
  "resources": [
    {
      "mode": "managed",
      "type": "random_integer",
      "name": "rint",
      "provider": "provider[\"registry.terraform.io/hashicorp/random\"]",
      "instances": [
        {
          "schema_version": 0,
          "attributes": {
            "id": "54",
            "keepers": null,
            "max": 70,
            "min": 50,
            "result": 54,
            "seed": null
          },
          "sensitive_attributes": [],
          "private": "bnVsbA=="
        }
      ]
    }
  ]
}
