{
  "version": 4,
  "terraform_version": "1.0.11",
  "serial": 1,
  "lineage": "854298e3-2a7f-403a-1eb1-4b1002c5c463",
  "outputs": {},
  "resources": [
    {
      "mode": "managed",
      "type": "local_file",
      "name": "sample_res",
      "provider": "provider[\"registry.terraform.io/hashicorp/local\"]",
      "instances": [
        {
          "schema_version": 0,
          "attributes": {
            "content": null,
            "content_base64": null,
            "directory_permission": "0777",
            "file_permission": "0777",
            "filename": "sample_args.txt",
            "id": "cad3a9a1079e241f69ac9c4fc7c11d56666b9a47",
            "sensitive_content": "I LOVE Terraform",
            "source": null
          },
          "sensitive_attributes": [],
          "private": "bnVsbA=="
        }
      ]
    }
  ]
}
